{
    "hash": "3572ef5486e01be41b96a1fdace500a6",
    "packages": [
        {
            "name": "slim/slim",
            "version": "2.1.0",
            "source": {
                "type": "git",
                "url": "https://github.com/codeguy/Slim",
                "reference": "2.1.0"
            },
            "dist": {
                "type": "zip",
                "url": "https://github.com/codeguy/Slim/zipball/2.1.0",
                "reference": "2.1.0",
                "shasum": ""
            },
            "require": {
                "php": ">=5.3.0"
            },
            "time": "2012-09-12 16:07:46",
            "type": "library",
            "installation-source": "dist",
            "autoload": {
                "psr-0": {
                    "Slim": "."
                }
            },
            "license": [
                "MIT"
            ],
            "authors": [
                {
                    "name": "Josh Lockhart",
                    "email": "info@joshlockhart.com",
                    "homepage": "http://www.joshlockhart.com/"
                }
            ],
            "description": "Slim Framework, a PHP micro framework",
            "homepage": "http://github.com/codeguy/Slim",
            "keywords": [
                "microframework",
                "rest",
                "router"
            ]
        }
    ],
    "packages-dev": null,
    "aliases": [

    ],
    "minimum-stability": "stable",
    "stability-flags": [

    ]
}
